
Microsoft Visual Studio Solution File, Format Version 12.00
# Visual Studio Version 16
VisualStudioVersion = 16.0.30717.126
MinimumVisualStudioVersion = 10.0.40219.1
Project("{9A19103F-16F7-4668-BE54-9A1E7A4F7556}") = "S01E01", "S01E01\S01E01.csproj", "{84CB6518-851F-4CC6-BD72-109B779231FA}"
EndProject
Project("{9A19103F-16F7-4668-BE54-9A1E7A4F7556}") = "S02E01", "S02E01\S02E01.csproj", "{7166D38B-8AC2-4AE7-B4B2-5E8885616D00}"
EndProject
Project("{9A19103F-16F7-4668-BE54-9A1E7A4F7556}") = "S03", "S03\S03.csproj", "{F85FEBB0-5D78-4184-AA8F-0E9E7328DC3B}"
EndProject
Project("{9A19103F-16F7-4668-BE54-9A1E7A4F7556}") = "S04", "S04\S04.csproj", "{474E8FC8-D0AC-437E-B4C1-7316F3CD59B1}"
EndProject
Project("{FAE04EC0-301F-11D3-BF4B-00C04F79EFBC}") = "S05", "S05\S05.csproj", "{1262941C-BF5B-42DF-90E7-85505FCF4775}"
EndProject
Project("{FAE04EC0-301F-11D3-BF4B-00C04F79EFBC}") = "S06", "S06\S06.csproj", "{E01771B7-6F2A-4806-B0E2-9663CBBD59C6}"
EndProject
Project("{FAE04EC0-301F-11D3-BF4B-00C04F79EFBC}") = "S06.Tests", "S06.Tests\S06.Tests.csproj", "{065B0618-8A75-4798-A49C-2BAF84C4643B}"
EndProject
Global
	GlobalSection(SolutionConfigurationPlatforms) = preSolution
		Debug|Any CPU = Debug|Any CPU
		Release|Any CPU = Release|Any CPU
	EndGlobalSection
	GlobalSection(ProjectConfigurationPlatforms) = postSolution
		{84CB6518-851F-4CC6-BD72-109B779231FA}.Debug|Any CPU.ActiveCfg = Debug|Any CPU
		{84CB6518-851F-4CC6-BD72-109B779231FA}.Debug|Any CPU.Build.0 = Debug|Any CPU
		{84CB6518-851F-4CC6-BD72-109B779231FA}.Release|Any CPU.ActiveCfg = Release|Any CPU
		{84CB6518-851F-4CC6-BD72-109B779231FA}.Release|Any CPU.Build.0 = Release|Any CPU
		{7166D38B-8AC2-4AE7-B4B2-5E8885616D00}.Debug|Any CPU.ActiveCfg = Debug|Any CPU
		{7166D38B-8AC2-4AE7-B4B2-5E8885616D00}.Debug|Any CPU.Build.0 = Debug|Any CPU
		{7166D38B-8AC2-4AE7-B4B2-5E8885616D00}.Release|Any CPU.ActiveCfg = Release|Any CPU
		{7166D38B-8AC2-4AE7-B4B2-5E8885616D00}.Release|Any CPU.Build.0 = Release|Any CPU
		{F85FEBB0-5D78-4184-AA8F-0E9E7328DC3B}.Debug|Any CPU.ActiveCfg = Debug|Any CPU
		{F85FEBB0-5D78-4184-AA8F-0E9E7328DC3B}.Debug|Any CPU.Build.0 = Debug|Any CPU
		{F85FEBB0-5D78-4184-AA8F-0E9E7328DC3B}.Release|Any CPU.ActiveCfg = Release|Any CPU
		{F85FEBB0-5D78-4184-AA8F-0E9E7328DC3B}.Release|Any CPU.Build.0 = Release|Any CPU
		{474E8FC8-D0AC-437E-B4C1-7316F3CD59B1}.Debug|Any CPU.ActiveCfg = Debug|Any CPU
		{474E8FC8-D0AC-437E-B4C1-7316F3CD59B1}.Debug|Any CPU.Build.0 = Debug|Any CPU
		{474E8FC8-D0AC-437E-B4C1-7316F3CD59B1}.Release|Any CPU.ActiveCfg = Release|Any CPU
		{474E8FC8-D0AC-437E-B4C1-7316F3CD59B1}.Release|Any CPU.Build.0 = Release|Any CPU
		{1262941C-BF5B-42DF-90E7-85505FCF4775}.Debug|Any CPU.ActiveCfg = Debug|Any CPU
		{1262941C-BF5B-42DF-90E7-85505FCF4775}.Debug|Any CPU.Build.0 = Debug|Any CPU
		{1262941C-BF5B-42DF-90E7-85505FCF4775}.Release|Any CPU.ActiveCfg = Release|Any CPU
		{1262941C-BF5B-42DF-90E7-85505FCF4775}.Release|Any CPU.Build.0 = Release|Any CPU
		{E01771B7-6F2A-4806-B0E2-9663CBBD59C6}.Debug|Any CPU.ActiveCfg = Debug|Any CPU
		{E01771B7-6F2A-4806-B0E2-9663CBBD59C6}.Debug|Any CPU.Build.0 = Debug|Any CPU
		{E01771B7-6F2A-4806-B0E2-9663CBBD59C6}.Release|Any CPU.ActiveCfg = Release|Any CPU
		{E01771B7-6F2A-4806-B0E2-9663CBBD59C6}.Release|Any CPU.Build.0 = Release|Any CPU
		{065B0618-8A75-4798-A49C-2BAF84C4643B}.Debug|Any CPU.ActiveCfg = Debug|Any CPU
		{065B0618-8A75-4798-A49C-2BAF84C4643B}.Debug|Any CPU.Build.0 = Debug|Any CPU
		{065B0618-8A75-4798-A49C-2BAF84C4643B}.Release|Any CPU.ActiveCfg = Release|Any CPU
		{065B0618-8A75-4798-A49C-2BAF84C4643B}.Release|Any CPU.Build.0 = Release|Any CPU
	EndGlobalSection
	GlobalSection(SolutionProperties) = preSolution
		HideSolutionNode = FALSE
	EndGlobalSection
	GlobalSection(ExtensibilityGlobals) = postSolution
		SolutionGuid = {2B25ECDD-66DD-4B2A-AC6B-3C47F0B54FB0}
	EndGlobalSection
EndGlobal
