
Microsoft Visual Studio Solution File, Format Version 12.00
# Visual Studio Version 16
VisualStudioVersion = 16.0.30717.126
MinimumVisualStudioVersion = 10.0.40219.1
Project("{9A19103F-16F7-4668-BE54-9A1E7A4F7556}") = "S01E01", "S01E01\S01E01.csproj", "{84CB6518-851F-4CC6-BD72-109B779231FA}"
EndProject
Project("{9A19103F-16F7-4668-BE54-9A1E7A4F7556}") = "S02E01", "S02E01\S02E01.csproj", "{7166D38B-8AC2-4AE7-B4B2-5E8885616D00}"
EndProject
Global
	GlobalSection(SolutionConfigurationPlatforms) = preSolution
		Debug|Any CPU = Debug|Any CPU
		Release|Any CPU = Release|Any CPU
	EndGlobalSection
	GlobalSection(ProjectConfigurationPlatforms) = postSolution
		{84CB6518-851F-4CC6-BD72-109B779231FA}.Debug|Any CPU.ActiveCfg = Debug|Any CPU
		{84CB6518-851F-4CC6-BD72-109B779231FA}.Debug|Any CPU.Build.0 = Debug|Any CPU
		{84CB6518-851F-4CC6-BD72-109B779231FA}.Release|Any CPU.ActiveCfg = Release|Any CPU
		{84CB6518-851F-4CC6-BD72-109B779231FA}.Release|Any CPU.Build.0 = Release|Any CPU
		{7166D38B-8AC2-4AE7-B4B2-5E8885616D00}.Debug|Any CPU.ActiveCfg = Debug|Any CPU
		{7166D38B-8AC2-4AE7-B4B2-5E8885616D00}.Debug|Any CPU.Build.0 = Debug|Any CPU
		{7166D38B-8AC2-4AE7-B4B2-5E8885616D00}.Release|Any CPU.ActiveCfg = Release|Any CPU
		{7166D38B-8AC2-4AE7-B4B2-5E8885616D00}.Release|Any CPU.Build.0 = Release|Any CPU
	EndGlobalSection
	GlobalSection(SolutionProperties) = preSolution
		HideSolutionNode = FALSE
	EndGlobalSection
	GlobalSection(ExtensibilityGlobals) = postSolution
		SolutionGuid = {2B25ECDD-66DD-4B2A-AC6B-3C47F0B54FB0}
	EndGlobalSection
EndGlobal
